
Microsoft Visual Studio Solution File, Format Version 12.00
# Visual Studio Version 16
VisualStudioVersion = 16.0.30225.117
MinimumVisualStudioVersion = 10.0.40219.1
Project("{9A19103F-16F7-4668-BE54-9A1E7A4F7556}") = "JWT_Test", "JWT_Test.csproj", "{7C06849D-8C17-4D83-81D3-7329552066D9}"
EndProject
Global
	GlobalSection(SolutionConfigurationPlatforms) = preSolution
		Debug|Any CPU = Debug|Any CPU
		Release|Any CPU = Release|Any CPU
	EndGlobalSection
	GlobalSection(ProjectConfigurationPlatforms) = postSolution
		{7C06849D-8C17-4D83-81D3-7329552066D9}.Debug|Any CPU.ActiveCfg = Debug|Any CPU
		{7C06849D-8C17-4D83-81D3-7329552066D9}.Debug|Any CPU.Build.0 = Debug|Any CPU
		{7C06849D-8C17-4D83-81D3-7329552066D9}.Release|Any CPU.ActiveCfg = Release|Any CPU
		{7C06849D-8C17-4D83-81D3-7329552066D9}.Release|Any CPU.Build.0 = Release|Any CPU
	EndGlobalSection
	GlobalSection(SolutionProperties) = preSolution
		HideSolutionNode = FALSE
	EndGlobalSection
	GlobalSection(ExtensibilityGlobals) = postSolution
		SolutionGuid = {AEEA4FF7-B543-495C-BE83-335FC07F8E88}
	EndGlobalSection
EndGlobal
